
Microsoft Visual Studio Solution File, Format Version 12.00
# Visual Studio Version 17
VisualStudioVersion = 17.5.002.0
MinimumVisualStudioVersion = 10.0.40219.1
Project("{9A19103F-16F7-4668-BE54-9A1E7A4F7556}") = "Super Auto Pets", "Super Auto Pets.csproj", "{89782D6C-D72B-4136-AEDB-16D59E3279F7}"
EndProject
Global
	GlobalSection(SolutionConfigurationPlatforms) = preSolution
		Debug|Any CPU = Debug|Any CPU
		Release|Any CPU = Release|Any CPU
	EndGlobalSection
	GlobalSection(ProjectConfigurationPlatforms) = postSolution
		{89782D6C-D72B-4136-AEDB-16D59E3279F7}.Debug|Any CPU.ActiveCfg = Debug|Any CPU
		{89782D6C-D72B-4136-AEDB-16D59E3279F7}.Debug|Any CPU.Build.0 = Debug|Any CPU
		{89782D6C-D72B-4136-AEDB-16D59E3279F7}.Release|Any CPU.ActiveCfg = Release|Any CPU
		{89782D6C-D72B-4136-AEDB-16D59E3279F7}.Release|Any CPU.Build.0 = Release|Any CPU
	EndGlobalSection
	GlobalSection(SolutionProperties) = preSolution
		HideSolutionNode = FALSE
	EndGlobalSection
	GlobalSection(ExtensibilityGlobals) = postSolution
		SolutionGuid = {F879963D-2631-4587-A7AB-D7510FBCEEF7}
	EndGlobalSection
EndGlobal
